
Microsoft Visual Studio Solution File, Format Version 12.00
# Visual Studio Version 16
VisualStudioVersion = 16.0.29025.244
MinimumVisualStudioVersion = 10.0.40219.1
Project("{FAE04EC0-301F-11D3-BF4B-00C04F79EFBC}") = "Singleton", "Singelton\Singleton.csproj", "{01A9BAA1-BAC6-41AF-A46B-8435BDB95693}"
EndProject
Global
	GlobalSection(SolutionConfigurationPlatforms) = preSolution
		Debug|Any CPU = Debug|Any CPU
		Release|Any CPU = Release|Any CPU
	EndGlobalSection
	GlobalSection(ProjectConfigurationPlatforms) = postSolution
		{01A9BAA1-BAC6-41AF-A46B-8435BDB95693}.Debug|Any CPU.ActiveCfg = Debug|Any CPU
		{01A9BAA1-BAC6-41AF-A46B-8435BDB95693}.Debug|Any CPU.Build.0 = Debug|Any CPU
		{01A9BAA1-BAC6-41AF-A46B-8435BDB95693}.Release|Any CPU.ActiveCfg = Release|Any CPU
		{01A9BAA1-BAC6-41AF-A46B-8435BDB95693}.Release|Any CPU.Build.0 = Release|Any CPU
	EndGlobalSection
	GlobalSection(SolutionProperties) = preSolution
		HideSolutionNode = FALSE
	EndGlobalSection
	GlobalSection(ExtensibilityGlobals) = postSolution
		SolutionGuid = {EB707D4B-9C4A-400C-93E5-D13732399688}
	EndGlobalSection
EndGlobal
